# This file was autogenerated by Stack.
# You should not edit this file by hand.
# For more information, please see the documentation at:
#   https://docs.haskellstack.org/en/stable/lock_files

packages:
- completed:
    hackage: lazysmallcheck-0.6@sha256:dac7a1e4877681f1260309e863e896674dd6efc1159897b7945893e693f2a6bc,1696
    pantry-tree:
      size: 2008
      sha256: aea6b83dd91703fd130d98ecfed88b8f16841b22990c837c8fde89f9f6cca809
  original:
    hackage: lazysmallcheck-0.6
- completed:
    hackage: Stream-0.4.7.2@sha256:ed78165aa34c4e23dc53c9072f8715d414a585037f2145ea0eb2b38300354c53,1009
    pantry-tree:
      size: 207
      sha256: 009fe33c4779bd1705a26f9b036f0996e9fc85df06418aec3dda967554e6ef83
  original:
    hackage: Stream-0.4.7.2
- completed:
    hackage: arrows-0.4.4.2@sha256:a260222b766da922657e302aa7c0409451913e1e503798a47a213a61ba382460,1235
    pantry-tree:
      size: 1035
      sha256: 153eac3a26d5922d3be968368125e5a31cc4347049732ef3a75920c4b9fda417
  original:
    hackage: arrows-0.4.4.2
- completed:
    hackage: clash-prelude-1.4.2@sha256:3f2fcbc991f6d6417c1f0aa786c61b3f2bf810cefd1de0f42876d1d7c6b4c5c5,15932
    pantry-tree:
      size: 11699
      sha256: 421f4f3323645b5bb976df57ac524be6402e7f95e5f55252b3367ccc82691da2
  original:
    hackage: clash-prelude-1.4.2
- completed:
    hackage: clash-lib-1.4.2@sha256:22e82420363c021358362c6f1ffa489ff09838f21c2e9bb9f2261fdeed4fe8c3,12829
    pantry-tree:
      size: 19521
      sha256: 2c1c3bc4cf986ee6a2e26b02b2aea23ad41426a0022f63c13cfdac0f9fd7e2ed
  original:
    hackage: clash-lib-1.4.2
- completed:
    hackage: clash-ghc-1.4.2@sha256:0f729d412ed0e15c8d8f6596fc3322844da7100966196befdcc22a8af4918209,9011
    pantry-tree:
      size: 4073
      sha256: 030491ab57b56c0c7b93eea9f77ba8d90e2d0ee9174611e5c08e6ecc58145af5
  original:
    hackage: clash-ghc-1.4.2
- completed:
    hackage: liquid-base-4.14.1.0@sha256:5df5cf52b893238e243b48ee647389caa81fbb838c9de26691ded4a3f091c5a3,9066
    pantry-tree:
      size: 14924
      sha256: f5d02ebd3d54536d8fe1074fc727bcd64de2b1666936a70e57c534576d9ff4f2
  original:
    hackage: liquid-base-4.14.1.0
- completed:
    hackage: liquidhaskell-0.8.10.2@sha256:fc79e92fc4de0aec47965e457915ef7a5be9fd1d3ec1d3a681a9909f5286bf8f,15777
    pantry-tree:
      size: 69560
      sha256: c8bb733484e14ae2ca10a4cb726701f52258e170b246d5f378cbc642bc1d0082
  original:
    hackage: liquidhaskell-0.8.10.2
- completed:
    hackage: liquid-ghc-prim-0.7.0@sha256:8d99d771235d388ed54393faa2712c880e60b659fa574877fc5f383d4d49f4ed,1763
    pantry-tree:
      size: 912
      sha256: 2e85095d397912b2d5b65054cd613e93dd7aa31ed4a4ff4fd265be207ece35e0
  original:
    hackage: liquid-ghc-prim-0.7.0
- completed:
    hackage: Diff-0.3.4@sha256:5ab20a407f9e65d13b642c3cd414906a40280343a31b388f6ed69b9228fe42c1,1127
    pantry-tree:
      size: 416
      sha256: 48d1b942ff99293d69a8ca4ea60f372093e5aeea73f63d11829ceca01d63c7fd
  original:
    hackage: Diff-0.3.4
snapshots:
- completed:
    size: 585392
    url: https://raw.githubusercontent.com/commercialhaskell/stackage-snapshots/master/lts/18/1.yaml
    sha256: 4e4c5e435a2f1c6f3c650f282db0f387f806406ed4fe6ef1aa4e6add9035d065
  original: lts-18.1
